// !$*UTF8*$!
{
	archiveVersion = 1;
	classes = {
	};
	objectVersion = 50;
	objects = {

/* Begin PBXBuildFile section */
		1D1DD71B245A7DD400EA2925 /* Gestures01.swift in Sources */ = {isa = PBXBuildFile; fileRef = 1D1DD71A245A7DD400EA2925 /* Gestures01.swift */; };
		1D1DD71D245AA9B200EA2925 /* ScrollViewH.swift in Sources */ = {isa = PBXBuildFile; fileRef = 1D1DD71C245AA9B200EA2925 /* ScrollViewH.swift */; };
		1D1DD746245AD91500EA2925 /* Assets.xcassets in Resources */ = {isa = PBXBuildFile; fileRef = 1D1DD745245AD91500EA2925 /* Assets.xcassets */; };
		1D7A0272245BCFE200BDD519 /* RotationGesture01.swift in Sources */ = {isa = PBXBuildFile; fileRef = 1D7A0271245BCFE200BDD519 /* RotationGesture01.swift */; };
		1DC83C47245527F3001F2F3A /* AppDelegate.swift in Sources */ = {isa = PBXBuildFile; fileRef = 1DC83C46245527F3001F2F3A /* AppDelegate.swift */; };
		1DC83C49245527F3001F2F3A /* SceneDelegate.swift in Sources */ = {isa = PBXBuildFile; fileRef = 1DC83C48245527F3001F2F3A /* SceneDelegate.swift */; };
		1DC83C4C245527F3001F2F3A /* SwiftUIViewCollections.xcdatamodeld in Sources */ = {isa = PBXBuildFile; fileRef = 1DC83C4A245527F3001F2F3A /* SwiftUIViewCollections.xcdatamodeld */; };
		1DC83C4E245527F3001F2F3A /* ContentView.swift in Sources */ = {isa = PBXBuildFile; fileRef = 1DC83C4D245527F3001F2F3A /* ContentView.swift */; };
		1DC83C53245527F4001F2F3A /* Preview Assets.xcassets in Resources */ = {isa = PBXBuildFile; fileRef = 1DC83C52245527F4001F2F3A /* Preview Assets.xcassets */; };
		1DC83C56245527F4001F2F3A /* LaunchScreen.storyboard in Resources */ = {isa = PBXBuildFile; fileRef = 1DC83C54245527F4001F2F3A /* LaunchScreen.storyboard */; };
		1DC83C5E2455281E001F2F3A /* TabBarView.swift in Sources */ = {isa = PBXBuildFile; fileRef = 1DC83C5D2455281E001F2F3A /* TabBarView.swift */; };
		1DC83C6024552993001F2F3A /* NeumorphismView01.swift in Sources */ = {isa = PBXBuildFile; fileRef = 1DC83C5F24552993001F2F3A /* NeumorphismView01.swift */; };
		1DC83C6424557DB2001F2F3A /* NeumorphismView02.swift in Sources */ = {isa = PBXBuildFile; fileRef = 1DC83C6324557DB2001F2F3A /* NeumorphismView02.swift */; };
		1DEC89552456D12100FC92F5 /* GeometryReader01.swift in Sources */ = {isa = PBXBuildFile; fileRef = 1DEC89542456D12100FC92F5 /* GeometryReader01.swift */; };
		1DEC895924570E2000FC92F5 /* LoginView.swift in Sources */ = {isa = PBXBuildFile; fileRef = 1DEC895824570E2000FC92F5 /* LoginView.swift */; };
/* End PBXBuildFile section */

/* Begin PBXFileReference section */
		1D1DD71A245A7DD400EA2925 /* Gestures01.swift */ = {isa = PBXFileReference; lastKnownFileType = sourcecode.swift; path = Gestures01.swift; sourceTree = "<group>"; };
		1D1DD71C245AA9B200EA2925 /* ScrollViewH.swift */ = {isa = PBXFileReference; lastKnownFileType = sourcecode.swift; path = ScrollViewH.swift; sourceTree = "<group>"; };
		1D1DD745245AD91500EA2925 /* Assets.xcassets */ = {isa = PBXFileReference; lastKnownFileType = folder.assetcatalog; path = Assets.xcassets; sourceTree = "<group>"; };
		1D7A0271245BCFE200BDD519 /* RotationGesture01.swift */ = {isa = PBXFileReference; lastKnownFileType = sourcecode.swift; path = RotationGesture01.swift; sourceTree = "<group>"; };
		1DC83C43245527F3001F2F3A /* SwiftUIViewCollections.app */ = {isa = PBXFileReference; explicitFileType = wrapper.application; includeInIndex = 0; path = SwiftUIViewCollections.app; sourceTree = BUILT_PRODUCTS_DIR; };
		1DC83C46245527F3001F2F3A /* AppDelegate.swift */ = {isa = PBXFileReference; lastKnownFileType = sourcecode.swift; path = AppDelegate.swift; sourceTree = "<group>"; };
		1DC83C48245527F3001F2F3A /* SceneDelegate.swift */ = {isa = PBXFileReference; lastKnownFileType = sourcecode.swift; path = SceneDelegate.swift; sourceTree = "<group>"; };
		1DC83C4B245527F3001F2F3A /* SwiftUIViewCollections.xcdatamodel */ = {isa = PBXFileReference; lastKnownFileType = wrapper.xcdatamodel; path = SwiftUIViewCollections.xcdatamodel; sourceTree = "<group>"; };
		1DC83C4D245527F3001F2F3A /* ContentView.swift */ = {isa = PBXFileReference; lastKnownFileType = sourcecode.swift; path = ContentView.swift; sourceTree = "<group>"; };
		1DC83C52245527F4001F2F3A /* Preview Assets.xcassets */ = {isa = PBXFileReference; lastKnownFileType = folder.assetcatalog; path = "Preview Assets.xcassets"; sourceTree = "<group>"; };
		1DC83C55245527F4001F2F3A /* Base */ = {isa = PBXFileReference; lastKnownFileType = file.storyboard; name = Base; path = Base.lproj/LaunchScreen.storyboard; sourceTree = "<group>"; };
		1DC83C57245527F4001F2F3A /* Info.plist */ = {isa = PBXFileReference; lastKnownFileType = text.plist.xml; path = Info.plist; sourceTree = "<group>"; };
		1DC83C5D2455281E001F2F3A /* TabBarView.swift */ = {isa = PBXFileReference; lastKnownFileType = sourcecode.swift; path = TabBarView.swift; sourceTree = "<group>"; };
		1DC83C5F24552993001F2F3A /* NeumorphismView01.swift */ = {isa = PBXFileReference; lastKnownFileType = sourcecode.swift; path = NeumorphismView01.swift; sourceTree = "<group>"; };
		1DC83C6324557DB2001F2F3A /* NeumorphismView02.swift */ = {isa = PBXFileReference; lastKnownFileType = sourcecode.swift; path = NeumorphismView02.swift; sourceTree = "<group>"; };
		1DEC89542456D12100FC92F5 /* GeometryReader01.swift */ = {isa = PBXFileReference; lastKnownFileType = sourcecode.swift; path = GeometryReader01.swift; sourceTree = "<group>"; };
		1DEC895824570E2000FC92F5 /* LoginView.swift */ = {isa = PBXFileReference; lastKnownFileType = sourcecode.swift; path = LoginView.swift; sourceTree = "<group>"; };
/* End PBXFileReference section */

/* Begin PBXFrameworksBuildPhase section */
		1DC83C40245527F3001F2F3A /* Frameworks */ = {
			isa = PBXFrameworksBuildPhase;
			buildActionMask = 2147483647;
			files = (
			);
			runOnlyForDeploymentPostprocessing = 0;
		};
/* End PBXFrameworksBuildPhase section */

/* Begin PBXGroup section */
		1DC83C3A245527F3001F2F3A = {
			isa = PBXGroup;
			children = (
				1DC83C45245527F3001F2F3A /* SwiftUIViewCollections */,
				1DC83C44245527F3001F2F3A /* Products */,
			);
			sourceTree = "<group>";
		};
		1DC83C44245527F3001F2F3A /* Products */ = {
			isa = PBXGroup;
			children = (
				1DC83C43245527F3001F2F3A /* SwiftUIViewCollections.app */,
			);
			name = Products;
			sourceTree = "<group>";
		};
		1DC83C45245527F3001F2F3A /* SwiftUIViewCollections */ = {
			isa = PBXGroup;
			children = (
				1DC83C46245527F3001F2F3A /* AppDelegate.swift */,
				1DC83C48245527F3001F2F3A /* SceneDelegate.swift */,
				1DC83C4D245527F3001F2F3A /* ContentView.swift */,
				1DC83C5D2455281E001F2F3A /* TabBarView.swift */,
				1DC83C5F24552993001F2F3A /* NeumorphismView01.swift */,
				1DC83C6324557DB2001F2F3A /* NeumorphismView02.swift */,
				1DEC89542456D12100FC92F5 /* GeometryReader01.swift */,
				1DEC895824570E2000FC92F5 /* LoginView.swift */,
				1D1DD71A245A7DD400EA2925 /* Gestures01.swift */,
				1D1DD71C245AA9B200EA2925 /* ScrollViewH.swift */,
				1D7A0271245BCFE200BDD519 /* RotationGesture01.swift */,
				1D1DD745245AD91500EA2925 /* Assets.xcassets */,
				1DC83C54245527F4001F2F3A /* LaunchScreen.storyboard */,
				1DC83C57245527F4001F2F3A /* Info.plist */,
				1DC83C4A245527F3001F2F3A /* SwiftUIViewCollections.xcdatamodeld */,
				1DC83C51245527F4001F2F3A /* Preview Content */,
			);
			path = SwiftUIViewCollections;
			sourceTree = "<group>";
		};
		1DC83C51245527F4001F2F3A /* Preview Content */ = {
			isa = PBXGroup;
			children = (
				1DC83C52245527F4001F2F3A /* Preview Assets.xcassets */,
			);
			path = "Preview Content";
			sourceTree = "<group>";
		};
/* End PBXGroup section */

/* Begin PBXNativeTarget section */
		1DC83C42245527F3001F2F3A /* SwiftUIViewCollections */ = {
			isa = PBXNativeTarget;
			buildConfigurationList = 1DC83C5A245527F4001F2F3A /* Build configuration list for PBXNativeTarget "SwiftUIViewCollections" */;
			buildPhases = (
				1DC83C3F245527F3001F2F3A /* Sources */,
				1DC83C40245527F3001F2F3A /* Frameworks */,
				1DC83C41245527F3001F2F3A /* Resources */,
			);
			buildRules = (
			);
			dependencies = (
			);
			name = SwiftUIViewCollections;
			productName = SwiftUIViewCollections;
			productReference = 1DC83C43245527F3001F2F3A /* SwiftUIViewCollections.app */;
			productType = "com.apple.product-type.application";
		};
/* End PBXNativeTarget section */

/* Begin PBXProject section */
		1DC83C3B245527F3001F2F3A /* Project object */ = {
			isa = PBXProject;
			attributes = {
				LastSwiftUpdateCheck = 1130;
				LastUpgradeCheck = 1130;
				ORGANIZATIONNAME = "RANGA REDDY NUKALA";
				TargetAttributes = {
					1DC83C42245527F3001F2F3A = {
						CreatedOnToolsVersion = 11.3.1;
					};
				};
			};
			buildConfigurationList = 1DC83C3E245527F3001F2F3A /* Build configuration list for PBXProject "SwiftUIViewCollections" */;
			compatibilityVersion = "Xcode 9.3";
			developmentRegion = en;
			hasScannedForEncodings = 0;
			knownRegions = (
				en,
				Base,
			);
			mainGroup = 1DC83C3A245527F3001F2F3A;
			productRefGroup = 1DC83C44245527F3001F2F3A /* Products */;
			projectDirPath = "";
			projectRoot = "";
			targets = (
				1DC83C42245527F3001F2F3A /* SwiftUIViewCollections */,
			);
		};
/* End PBXProject section */

/* Begin PBXResourcesBuildPhase section */
		1DC83C41245527F3001F2F3A /* Resources */ = {
			isa = PBXResourcesBuildPhase;
			buildActionMask = 2147483647;
			files = (
				1DC83C56245527F4001F2F3A /* LaunchScreen.storyboard in Resources */,
				1D1DD746245AD91500EA2925 /* Assets.xcassets in Resources */,
				1DC83C53245527F4001F2F3A /* Preview Assets.xcassets in Resources */,
			);
			runOnlyForDeploymentPostprocessing = 0;
		};
/* End PBXResourcesBuildPhase section */

/* Begin PBXSourcesBuildPhase section */
		1DC83C3F245527F3001F2F3A /* Sources */ = {
			isa = PBXSourcesBuildPhase;
			buildActionMask = 2147483647;
			files = (
				1DC83C4C245527F3001F2F3A /* SwiftUIViewCollections.xcdatamodeld in Sources */,
				1DC83C6024552993001F2F3A /* NeumorphismView01.swift in Sources */,
				1D7A0272245BCFE200BDD519 /* RotationGesture01.swift in Sources */,
				1D1DD71D245AA9B200EA2925 /* ScrollViewH.swift in Sources */,
				1DC83C47245527F3001F2F3A /* AppDelegate.swift in Sources */,
				1DEC895924570E2000FC92F5 /* LoginView.swift in Sources */,
				1DC83C4E245527F3001F2F3A /* ContentView.swift in Sources */,
				1DC83C5E2455281E001F2F3A /* TabBarView.swift in Sources */,
				1D1DD71B245A7DD400EA2925 /* Gestures01.swift in Sources */,
				1DC83C6424557DB2001F2F3A /* NeumorphismView02.swift in Sources */,
				1DEC89552456D12100FC92F5 /* GeometryReader01.swift in Sources */,
				1DC83C49245527F3001F2F3A /* SceneDelegate.swift in Sources */,
			);
			runOnlyForDeploymentPostprocessing = 0;
		};
/* End PBXSourcesBuildPhase section */

/* Begin PBXVariantGroup section */
		1DC83C54245527F4001F2F3A /* LaunchScreen.storyboard */ = {
			isa = PBXVariantGroup;
			children = (
				1DC83C55245527F4001F2F3A /* Base */,
			);
			name = LaunchScreen.storyboard;
			sourceTree = "<group>";
		};
/* End PBXVariantGroup section */

/* Begin XCBuildConfiguration section */
		1DC83C58245527F4001F2F3A /* Debug */ = {
			isa = XCBuildConfiguration;
			buildSettings = {
				ALWAYS_SEARCH_USER_PATHS = NO;
				CLANG_ANALYZER_NONNULL = YES;
				CLANG_ANALYZER_NUMBER_OBJECT_CONVERSION = YES_AGGRESSIVE;
				CLANG_CXX_LANGUAGE_STANDARD = "gnu++14";
				CLANG_CXX_LIBRARY = "libc++";
				CLANG_ENABLE_MODULES = YES;
				CLANG_ENABLE_OBJC_ARC = YES;
				CLANG_ENABLE_OBJC_WEAK = YES;
				CLANG_WARN_BLOCK_CAPTURE_AUTORELEASING = YES;
				CLANG_WARN_BOOL_CONVERSION = YES;
				CLANG_WARN_COMMA = YES;
				CLANG_WARN_CONSTANT_CONVERSION = YES;
				CLANG_WARN_DEPRECATED_OBJC_IMPLEMENTATIONS = YES;
				CLANG_WARN_DIRECT_OBJC_ISA_USAGE = YES_ERROR;
				CLANG_WARN_DOCUMENTATION_COMMENTS = YES;
				CLANG_WARN_EMPTY_BODY = YES;
				CLANG_WARN_ENUM_CONVERSION = YES;
				CLANG_WARN_INFINITE_RECURSION = YES;
				CLANG_WARN_INT_CONVERSION = YES;
				CLANG_WARN_NON_LITERAL_NULL_CONVERSION = YES;
				CLANG_WARN_OBJC_IMPLICIT_RETAIN_SELF = YES;
				CLANG_WARN_OBJC_LITERAL_CONVERSION = YES;
				CLANG_WARN_OBJC_ROOT_CLASS = YES_ERROR;
				CLANG_WARN_RANGE_LOOP_ANALYSIS = YES;
				CLANG_WARN_STRICT_PROTOTYPES = YES;
				CLANG_WARN_SUSPICIOUS_MOVE = YES;
				CLANG_WARN_UNGUARDED_AVAILABILITY = YES_AGGRESSIVE;
				CLANG_WARN_UNREACHABLE_CODE = YES;
				CLANG_WARN__DUPLICATE_METHOD_MATCH = YES;
				COPY_PHASE_STRIP = NO;
				DEBUG_INFORMATION_FORMAT = dwarf;
				ENABLE_STRICT_OBJC_MSGSEND = YES;
				ENABLE_TESTABILITY = YES;
				GCC_C_LANGUAGE_STANDARD = gnu11;
				GCC_DYNAMIC_NO_PIC = NO;
				GCC_NO_COMMON_BLOCKS = YES;
				GCC_OPTIMIZATION_LEVEL = 0;
				GCC_PREPROCESSOR_DEFINITIONS = (
					"DEBUG=1",
					"$(inherited)",
				);
				GCC_WARN_64_TO_32_BIT_CONVERSION = YES;
				GCC_WARN_ABOUT_RETURN_TYPE = YES_ERROR;
				GCC_WARN_UNDECLARED_SELECTOR = YES;
				GCC_WARN_UNINITIALIZED_AUTOS = YES_AGGRESSIVE;
				GCC_WARN_UNUSED_FUNCTION = YES;
				GCC_WARN_UNUSED_VARIABLE = YES;
				IPHONEOS_DEPLOYMENT_TARGET = 13.2;
				MTL_ENABLE_DEBUG_INFO = INCLUDE_SOURCE;
				MTL_FAST_MATH = YES;
				ONLY_ACTIVE_ARCH = YES;
				SDKROOT = iphoneos;
				SWIFT_ACTIVE_COMPILATION_CONDITIONS = DEBUG;
				SWIFT_OPTIMIZATION_LEVEL = "-Onone";
			};
			name = Debug;
		};
		1DC83C59245527F4001F2F3A /* Release */ = {
			isa = XCBuildConfiguration;
			buildSettings = {
				ALWAYS_SEARCH_USER_PATHS = NO;
				CLANG_ANALYZER_NONNULL = YES;
				CLANG_ANALYZER_NUMBER_OBJECT_CONVERSION = YES_AGGRESSIVE;
				CLANG_CXX_LANGUAGE_STANDARD = "gnu++14";
				CLANG_CXX_LIBRARY = "libc++";
				CLANG_ENABLE_MODULES = YES;
				CLANG_ENABLE_OBJC_ARC = YES;
				CLANG_ENABLE_OBJC_WEAK = YES;
				CLANG_WARN_BLOCK_CAPTURE_AUTORELEASING = YES;
				CLANG_WARN_BOOL_CONVERSION = YES;
				CLANG_WARN_COMMA = YES;
				CLANG_WARN_CONSTANT_CONVERSION = YES;
				CLANG_WARN_DEPRECATED_OBJC_IMPLEMENTATIONS = YES;
				CLANG_WARN_DIRECT_OBJC_ISA_USAGE = YES_ERROR;
				CLANG_WARN_DOCUMENTATION_COMMENTS = YES;
				CLANG_WARN_EMPTY_BODY = YES;
				CLANG_WARN_ENUM_CONVERSION = YES;
				CLANG_WARN_INFINITE_RECURSION = YES;
				CLANG_WARN_INT_CONVERSION = YES;
				CLANG_WARN_NON_LITERAL_NULL_CONVERSION = YES;
				CLANG_WARN_OBJC_IMPLICIT_RETAIN_SELF = YES;
				CLANG_WARN_OBJC_LITERAL_CONVERSION = YES;
				CLANG_WARN_OBJC_ROOT_CLASS = YES_ERROR;
				CLANG_WARN_RANGE_LOOP_ANALYSIS = YES;
				CLANG_WARN_STRICT_PROTOTYPES = YES;
				CLANG_WARN_SUSPICIOUS_MOVE = YES;
				CLANG_WARN_UNGUARDED_AVAILABILITY = YES_AGGRESSIVE;
				CLANG_WARN_UNREACHABLE_CODE = YES;
				CLANG_WARN__DUPLICATE_METHOD_MATCH = YES;
				COPY_PHASE_STRIP = NO;
				DEBUG_INFORMATION_FORMAT = "dwarf-with-dsym";
				ENABLE_NS_ASSERTIONS = NO;
				ENABLE_STRICT_OBJC_MSGSEND = YES;
				GCC_C_LANGUAGE_STANDARD = gnu11;
				GCC_NO_COMMON_BLOCKS = YES;
				GCC_WARN_64_TO_32_BIT_CONVERSION = YES;
				GCC_WARN_ABOUT_RETURN_TYPE = YES_ERROR;
				GCC_WARN_UNDECLARED_SELECTOR = YES;
				GCC_WARN_UNINITIALIZED_AUTOS = YES_AGGRESSIVE;
				GCC_WARN_UNUSED_FUNCTION = YES;
				GCC_WARN_UNUSED_VARIABLE = YES;
				IPHONEOS_DEPLOYMENT_TARGET = 13.2;
				MTL_ENABLE_DEBUG_INFO = NO;
				MTL_FAST_MATH = YES;
				SDKROOT = iphoneos;
				SWIFT_COMPILATION_MODE = wholemodule;
				SWIFT_OPTIMIZATION_LEVEL = "-O";
				VALIDATE_PRODUCT = YES;
			};
			name = Release;
		};
		1DC83C5B245527F4001F2F3A /* Debug */ = {
			isa = XCBuildConfiguration;
			buildSettings = {
				ASSETCATALOG_COMPILER_APPICON_NAME = AppIcon;
				CODE_SIGN_STYLE = Automatic;
				DEVELOPMENT_ASSET_PATHS = "\"SwiftUIViewCollections/Preview Content\"";
				DEVELOPMENT_TEAM = XU9WC44F8F;
				ENABLE_PREVIEWS = YES;
				INFOPLIST_FILE = SwiftUIViewCollections/Info.plist;
				LD_RUNPATH_SEARCH_PATHS = (
					"$(inherited)",
					"@executable_path/Frameworks",
				);
				PRODUCT_BUNDLE_IDENTIFIER = com.rangareddy.SwiftUIViewCollections;
				PRODUCT_NAME = "$(TARGET_NAME)";
				SWIFT_VERSION = 5.0;
				TARGETED_DEVICE_FAMILY = "1,2";
			};
			name = Debug;
		};
		1DC83C5C245527F4001F2F3A /* Release */ = {
			isa = XCBuildConfiguration;
			buildSettings = {
				ASSETCATALOG_COMPILER_APPICON_NAME = AppIcon;
				CODE_SIGN_STYLE = Automatic;
				DEVELOPMENT_ASSET_PATHS = "\"SwiftUIViewCollections/Preview Content\"";
				DEVELOPMENT_TEAM = XU9WC44F8F;
				ENABLE_PREVIEWS = YES;
				INFOPLIST_FILE = SwiftUIViewCollections/Info.plist;
				LD_RUNPATH_SEARCH_PATHS = (
					"$(inherited)",
					"@executable_path/Frameworks",
				);
				PRODUCT_BUNDLE_IDENTIFIER = com.rangareddy.SwiftUIViewCollections;
				PRODUCT_NAME = "$(TARGET_NAME)";
				SWIFT_VERSION = 5.0;
				TARGETED_DEVICE_FAMILY = "1,2";
			};
			name = Release;
		};
/* End XCBuildConfiguration section */

/* Begin XCConfigurationList section */
		1DC83C3E245527F3001F2F3A /* Build configuration list for PBXProject "SwiftUIViewCollections" */ = {
			isa = XCConfigurationList;
			buildConfigurations = (
				1DC83C58245527F4001F2F3A /* Debug */,
				1DC83C59245527F4001F2F3A /* Release */,
			);
			defaultConfigurationIsVisible = 0;
			defaultConfigurationName = Release;
		};
		1DC83C5A245527F4001F2F3A /* Build configuration list for PBXNativeTarget "SwiftUIViewCollections" */ = {
			isa = XCConfigurationList;
			buildConfigurations = (
				1DC83C5B245527F4001F2F3A /* Debug */,
				1DC83C5C245527F4001F2F3A /* Release */,
			);
			defaultConfigurationIsVisible = 0;
			defaultConfigurationName = Release;
		};
/* End XCConfigurationList section */

/* Begin XCVersionGroup section */
		1DC83C4A245527F3001F2F3A /* SwiftUIViewCollections.xcdatamodeld */ = {
			isa = XCVersionGroup;
			children = (
				1DC83C4B245527F3001F2F3A /* SwiftUIViewCollections.xcdatamodel */,
			);
			currentVersion = 1DC83C4B245527F3001F2F3A /* SwiftUIViewCollections.xcdatamodel */;
			path = SwiftUIViewCollections.xcdatamodeld;
			sourceTree = "<group>";
			versionGroupType = wrapper.xcdatamodel;
		};
/* End XCVersionGroup section */
	};
	rootObject = 1DC83C3B245527F3001F2F3A /* Project object */;
}
